
Microsoft Visual Studio Solution File, Format Version 12.00
# Visual Studio Version 16
VisualStudioVersion = 16.0.809.2
MinimumVisualStudioVersion = 10.0.40219.1
Project("{FAE04EC0-301F-11D3-BF4B-00C04F79EFBC}") = "NotesApp.Android", "NotesApp.Android\NotesApp.Android.csproj", "{EA0B39DA-534E-41B9-8D90-02E26FACBACB}"
EndProject
Project("{FAE04EC0-301F-11D3-BF4B-00C04F79EFBC}") = "NotesApp.iOS", "NotesApp.iOS\NotesApp.iOS.csproj", "{C56AF777-7DD2-4B7F-93CB-82627380A624}"
EndProject
Project("{FAE04EC0-301F-11D3-BF4B-00C04F79EFBC}") = "NotesApp", "NotesApp\NotesApp.csproj", "{39C3A167-D557-4F79-A232-0560FF90500B}"
EndProject
Global
	GlobalSection(SolutionConfigurationPlatforms) = preSolution
		Debug|Any CPU = Debug|Any CPU
		Release|Any CPU = Release|Any CPU
		Debug|iPhoneSimulator = Debug|iPhoneSimulator
		Release|iPhoneSimulator = Release|iPhoneSimulator
		Debug|iPhone = Debug|iPhone
		Release|iPhone = Release|iPhone
	EndGlobalSection
	GlobalSection(ProjectConfigurationPlatforms) = postSolution
		{EA0B39DA-534E-41B9-8D90-02E26FACBACB}.Debug|Any CPU.ActiveCfg = Debug|Any CPU
		{EA0B39DA-534E-41B9-8D90-02E26FACBACB}.Debug|Any CPU.Build.0 = Debug|Any CPU
		{EA0B39DA-534E-41B9-8D90-02E26FACBACB}.Release|Any CPU.ActiveCfg = Release|Any CPU
		{EA0B39DA-534E-41B9-8D90-02E26FACBACB}.Release|Any CPU.Build.0 = Release|Any CPU
		{EA0B39DA-534E-41B9-8D90-02E26FACBACB}.Debug|iPhoneSimulator.ActiveCfg = Debug|Any CPU
		{EA0B39DA-534E-41B9-8D90-02E26FACBACB}.Debug|iPhoneSimulator.Build.0 = Debug|Any CPU
		{EA0B39DA-534E-41B9-8D90-02E26FACBACB}.Release|iPhoneSimulator.ActiveCfg = Release|Any CPU
		{EA0B39DA-534E-41B9-8D90-02E26FACBACB}.Release|iPhoneSimulator.Build.0 = Release|Any CPU
		{EA0B39DA-534E-41B9-8D90-02E26FACBACB}.Debug|iPhone.ActiveCfg = Debug|Any CPU
		{EA0B39DA-534E-41B9-8D90-02E26FACBACB}.Debug|iPhone.Build.0 = Debug|Any CPU
		{EA0B39DA-534E-41B9-8D90-02E26FACBACB}.Release|iPhone.ActiveCfg = Release|Any CPU
		{EA0B39DA-534E-41B9-8D90-02E26FACBACB}.Release|iPhone.Build.0 = Release|Any CPU
		{C56AF777-7DD2-4B7F-93CB-82627380A624}.Debug|Any CPU.ActiveCfg = Debug|iPhoneSimulator
		{C56AF777-7DD2-4B7F-93CB-82627380A624}.Debug|Any CPU.Build.0 = Debug|iPhoneSimulator
		{C56AF777-7DD2-4B7F-93CB-82627380A624}.Release|Any CPU.ActiveCfg = Release|iPhoneSimulator
		{C56AF777-7DD2-4B7F-93CB-82627380A624}.Release|Any CPU.Build.0 = Release|iPhoneSimulator
		{C56AF777-7DD2-4B7F-93CB-82627380A624}.Debug|iPhoneSimulator.ActiveCfg = Debug|iPhoneSimulator
		{C56AF777-7DD2-4B7F-93CB-82627380A624}.Debug|iPhoneSimulator.Build.0 = Debug|iPhoneSimulator
		{C56AF777-7DD2-4B7F-93CB-82627380A624}.Release|iPhoneSimulator.ActiveCfg = Release|iPhoneSimulator
		{C56AF777-7DD2-4B7F-93CB-82627380A624}.Release|iPhoneSimulator.Build.0 = Release|iPhoneSimulator
		{C56AF777-7DD2-4B7F-93CB-82627380A624}.Debug|iPhone.ActiveCfg = Debug|iPhone
		{C56AF777-7DD2-4B7F-93CB-82627380A624}.Debug|iPhone.Build.0 = Debug|iPhone
		{C56AF777-7DD2-4B7F-93CB-82627380A624}.Release|iPhone.ActiveCfg = Release|iPhone
		{C56AF777-7DD2-4B7F-93CB-82627380A624}.Release|iPhone.Build.0 = Release|iPhone
		{39C3A167-D557-4F79-A232-0560FF90500B}.Debug|Any CPU.ActiveCfg = Debug|Any CPU
		{39C3A167-D557-4F79-A232-0560FF90500B}.Debug|Any CPU.Build.0 = Debug|Any CPU
		{39C3A167-D557-4F79-A232-0560FF90500B}.Release|Any CPU.ActiveCfg = Release|Any CPU
		{39C3A167-D557-4F79-A232-0560FF90500B}.Release|Any CPU.Build.0 = Release|Any CPU
		{39C3A167-D557-4F79-A232-0560FF90500B}.Debug|iPhoneSimulator.ActiveCfg = Debug|Any CPU
		{39C3A167-D557-4F79-A232-0560FF90500B}.Debug|iPhoneSimulator.Build.0 = Debug|Any CPU
		{39C3A167-D557-4F79-A232-0560FF90500B}.Release|iPhoneSimulator.ActiveCfg = Release|Any CPU
		{39C3A167-D557-4F79-A232-0560FF90500B}.Release|iPhoneSimulator.Build.0 = Release|Any CPU
		{39C3A167-D557-4F79-A232-0560FF90500B}.Debug|iPhone.ActiveCfg = Debug|Any CPU
		{39C3A167-D557-4F79-A232-0560FF90500B}.Debug|iPhone.Build.0 = Debug|Any CPU
		{39C3A167-D557-4F79-A232-0560FF90500B}.Release|iPhone.ActiveCfg = Release|Any CPU
		{39C3A167-D557-4F79-A232-0560FF90500B}.Release|iPhone.Build.0 = Release|Any CPU
	EndGlobalSection
	GlobalSection(SolutionProperties) = preSolution
		HideSolutionNode = FALSE
	EndGlobalSection
	GlobalSection(ExtensibilityGlobals) = postSolution
		SolutionGuid = {2842ABBF-B512-4B41-9DBB-26F9BF082DC2}
	EndGlobalSection
EndGlobal
